
Microsoft Visual Studio Solution File, Format Version 12.00
# Visual Studio 2015
Project("{FAE04EC0-301F-11D3-BF4B-00C04F79EFBC}") = "Assignment_1.CSharp.Plugins", "Assignment_1.CSharp.Plugins.csproj", "{7F98B48A-B9BD-907B-5EBF-AC02E8FDE0CA}"
EndProject
Project("{FAE04EC0-301F-11D3-BF4B-00C04F79EFBC}") = "Assignment_1.CSharp", "Assignment_1.CSharp.csproj", "{DC19B493-E185-9777-7FB2-19223A4C1C0D}"
EndProject
Project("{FAE04EC0-301F-11D3-BF4B-00C04F79EFBC}") = "Assignment_1.CSharp.Editor", "Assignment_1.CSharp.Editor.csproj", "{2C8DA3F8-DD25-E39B-3AB6-C9D9B438C3A6}"
EndProject
Global
	GlobalSection(SolutionConfigurationPlatforms) = preSolution
		Debug|Any CPU = Debug|Any CPU
		Release|Any CPU = Release|Any CPU
	EndGlobalSection
	GlobalSection(ProjectConfigurationPlatforms) = postSolution
		{7F98B48A-B9BD-907B-5EBF-AC02E8FDE0CA}.Debug|Any CPU.ActiveCfg = Debug|Any CPU
		{7F98B48A-B9BD-907B-5EBF-AC02E8FDE0CA}.Debug|Any CPU.Build.0 = Debug|Any CPU
		{7F98B48A-B9BD-907B-5EBF-AC02E8FDE0CA}.Release|Any CPU.ActiveCfg = Release|Any CPU
		{7F98B48A-B9BD-907B-5EBF-AC02E8FDE0CA}.Release|Any CPU.Build.0 = Release|Any CPU
		{DC19B493-E185-9777-7FB2-19223A4C1C0D}.Debug|Any CPU.ActiveCfg = Debug|Any CPU
		{DC19B493-E185-9777-7FB2-19223A4C1C0D}.Debug|Any CPU.Build.0 = Debug|Any CPU
		{DC19B493-E185-9777-7FB2-19223A4C1C0D}.Release|Any CPU.ActiveCfg = Release|Any CPU
		{DC19B493-E185-9777-7FB2-19223A4C1C0D}.Release|Any CPU.Build.0 = Release|Any CPU
		{2C8DA3F8-DD25-E39B-3AB6-C9D9B438C3A6}.Debug|Any CPU.ActiveCfg = Debug|Any CPU
		{2C8DA3F8-DD25-E39B-3AB6-C9D9B438C3A6}.Debug|Any CPU.Build.0 = Debug|Any CPU
		{2C8DA3F8-DD25-E39B-3AB6-C9D9B438C3A6}.Release|Any CPU.ActiveCfg = Release|Any CPU
		{2C8DA3F8-DD25-E39B-3AB6-C9D9B438C3A6}.Release|Any CPU.Build.0 = Release|Any CPU
	EndGlobalSection
	GlobalSection(SolutionProperties) = preSolution
		HideSolutionNode = FALSE
	EndGlobalSection
EndGlobal
