
Microsoft Visual Studio Solution File, Format Version 12.00
# Visual Studio 2015
Project("{FAE04EC0-301F-11D3-BF4B-00C04F79EFBC}") = "Asteroids.CSharp.Plugins", "Asteroids.CSharp.Plugins.csproj", "{378947B0-6845-5E5A-469D-DA277EB34A5E}"
EndProject
Project("{FAE04EC0-301F-11D3-BF4B-00C04F79EFBC}") = "Asteroids.CSharp", "Asteroids.CSharp.csproj", "{C7F129B5-2A34-0F8B-AC52-8A994EF8D60F}"
EndProject
Project("{FAE04EC0-301F-11D3-BF4B-00C04F79EFBC}") = "Asteroids.CSharp.Editor", "Asteroids.CSharp.Editor.csproj", "{A7230990-B34A-A7E1-9776-C2A15D548292}"
EndProject
Global
	GlobalSection(SolutionConfigurationPlatforms) = preSolution
		Debug|Any CPU = Debug|Any CPU
		Release|Any CPU = Release|Any CPU
	EndGlobalSection
	GlobalSection(ProjectConfigurationPlatforms) = postSolution
		{378947B0-6845-5E5A-469D-DA277EB34A5E}.Debug|Any CPU.ActiveCfg = Debug|Any CPU
		{378947B0-6845-5E5A-469D-DA277EB34A5E}.Debug|Any CPU.Build.0 = Debug|Any CPU
		{378947B0-6845-5E5A-469D-DA277EB34A5E}.Release|Any CPU.ActiveCfg = Release|Any CPU
		{378947B0-6845-5E5A-469D-DA277EB34A5E}.Release|Any CPU.Build.0 = Release|Any CPU
		{C7F129B5-2A34-0F8B-AC52-8A994EF8D60F}.Debug|Any CPU.ActiveCfg = Debug|Any CPU
		{C7F129B5-2A34-0F8B-AC52-8A994EF8D60F}.Debug|Any CPU.Build.0 = Debug|Any CPU
		{C7F129B5-2A34-0F8B-AC52-8A994EF8D60F}.Release|Any CPU.ActiveCfg = Release|Any CPU
		{C7F129B5-2A34-0F8B-AC52-8A994EF8D60F}.Release|Any CPU.Build.0 = Release|Any CPU
		{A7230990-B34A-A7E1-9776-C2A15D548292}.Debug|Any CPU.ActiveCfg = Debug|Any CPU
		{A7230990-B34A-A7E1-9776-C2A15D548292}.Debug|Any CPU.Build.0 = Debug|Any CPU
		{A7230990-B34A-A7E1-9776-C2A15D548292}.Release|Any CPU.ActiveCfg = Release|Any CPU
		{A7230990-B34A-A7E1-9776-C2A15D548292}.Release|Any CPU.Build.0 = Release|Any CPU
	EndGlobalSection
	GlobalSection(SolutionProperties) = preSolution
		HideSolutionNode = FALSE
	EndGlobalSection
EndGlobal
